
Microsoft Visual Studio Solution File, Format Version 12.00
# Visual Studio Version 16
VisualStudioVersion = 16.0.31112.23
MinimumVisualStudioVersion = 10.0.40219.1
Project("{9A19103F-16F7-4668-BE54-9A1E7A4F7556}") = "WebCalculatorTest", "WebCalculatorTest\WebCalculatorTest.csproj", "{500106BE-903E-47AD-89F2-423DFAC6A244}"
EndProject
Project("{9A19103F-16F7-4668-BE54-9A1E7A4F7556}") = "APICalculatorTest", "APICalculatorTest\APICalculatorTest.csproj", "{5AA56AC6-A2B8-42EF-9A6E-7008EEBD5199}"
EndProject
Global
	GlobalSection(SolutionConfigurationPlatforms) = preSolution
		Debug|Any CPU = Debug|Any CPU
		Release|Any CPU = Release|Any CPU
	EndGlobalSection
	GlobalSection(ProjectConfigurationPlatforms) = postSolution
		{500106BE-903E-47AD-89F2-423DFAC6A244}.Debug|Any CPU.ActiveCfg = Debug|Any CPU
		{500106BE-903E-47AD-89F2-423DFAC6A244}.Debug|Any CPU.Build.0 = Debug|Any CPU
		{500106BE-903E-47AD-89F2-423DFAC6A244}.Release|Any CPU.ActiveCfg = Release|Any CPU
		{500106BE-903E-47AD-89F2-423DFAC6A244}.Release|Any CPU.Build.0 = Release|Any CPU
		{5AA56AC6-A2B8-42EF-9A6E-7008EEBD5199}.Debug|Any CPU.ActiveCfg = Debug|Any CPU
		{5AA56AC6-A2B8-42EF-9A6E-7008EEBD5199}.Debug|Any CPU.Build.0 = Debug|Any CPU
		{5AA56AC6-A2B8-42EF-9A6E-7008EEBD5199}.Release|Any CPU.ActiveCfg = Release|Any CPU
		{5AA56AC6-A2B8-42EF-9A6E-7008EEBD5199}.Release|Any CPU.Build.0 = Release|Any CPU
	EndGlobalSection
	GlobalSection(SolutionProperties) = preSolution
		HideSolutionNode = FALSE
	EndGlobalSection
	GlobalSection(ExtensibilityGlobals) = postSolution
		SolutionGuid = {A8BFCBAB-C255-4DAE-BB9B-CA7AD407DB41}
	EndGlobalSection
EndGlobal
